
Microsoft Visual Studio Solution File, Format Version 12.00
# Visual Studio Version 17
VisualStudioVersion = 17.14.37216.2 d17.14
MinimumVisualStudioVersion = 10.0.40219.1
Project("{FAE04EC0-301F-11D3-BF4B-00C04F79EFBC}") = "HotelManagement", "HotelManagement\HotelManagement.csproj", "{A51DE11F-262D-42A5-889D-B3FC85EE2103}"
EndProject
Global
	GlobalSection(SolutionConfigurationPlatforms) = preSolution
		Debug|Any CPU = Debug|Any CPU
		Release|Any CPU = Release|Any CPU
	EndGlobalSection
	GlobalSection(ProjectConfigurationPlatforms) = postSolution
		{A51DE11F-262D-42A5-889D-B3FC85EE2103}.Debug|Any CPU.ActiveCfg = Debug|Any CPU
		{A51DE11F-262D-42A5-889D-B3FC85EE2103}.Debug|Any CPU.Build.0 = Debug|Any CPU
		{A51DE11F-262D-42A5-889D-B3FC85EE2103}.Release|Any CPU.ActiveCfg = Release|Any CPU
		{A51DE11F-262D-42A5-889D-B3FC85EE2103}.Release|Any CPU.Build.0 = Release|Any CPU
	EndGlobalSection
	GlobalSection(SolutionProperties) = preSolution
		HideSolutionNode = FALSE
	EndGlobalSection
	GlobalSection(ExtensibilityGlobals) = postSolution
		SolutionGuid = {54DF7224-014F-4336-86A3-0331BC0D92A9}
	EndGlobalSection
EndGlobal
